// !$*UTF8*$!
{
	archiveVersion = 1;
	classes = {
	};
	objectVersion = 50;
	objects = {

/* Begin PBXBuildFile section */
		121542A5C949D6D16B8AEC9E /* Pods_Swift4OnBoarding.framework in Frameworks */ = {isa = PBXBuildFile; fileRef = F814D5D2B6532C4063C8F485 /* Pods_Swift4OnBoarding.framework */; };
		57053DF72395757C002E74FF /* AppDelegate.swift in Sources */ = {isa = PBXBuildFile; fileRef = 57053DF62395757C002E74FF /* AppDelegate.swift */; };
		57053DF92395757C002E74FF /* SceneDelegate.swift in Sources */ = {isa = PBXBuildFile; fileRef = 57053DF82395757C002E74FF /* SceneDelegate.swift */; };
		57053DFB2395757C002E74FF /* ViewController.swift in Sources */ = {isa = PBXBuildFile; fileRef = 57053DFA2395757C002E74FF /* ViewController.swift */; };
		57053DFE2395757C002E74FF /* Main.storyboard in Resources */ = {isa = PBXBuildFile; fileRef = 57053DFC2395757C002E74FF /* Main.storyboard */; };
		57053E002395757D002E74FF /* Assets.xcassets in Resources */ = {isa = PBXBuildFile; fileRef = 57053DFF2395757D002E74FF /* Assets.xcassets */; };
		57053E032395757D002E74FF /* LaunchScreen.storyboard in Resources */ = {isa = PBXBuildFile; fileRef = 57053E012395757D002E74FF /* LaunchScreen.storyboard */; };
/* End PBXBuildFile section */

/* Begin PBXFileReference section */
		54E474C6543AE17125180D84 /* Pods-Swift4OnBoarding.release.xcconfig */ = {isa = PBXFileReference; includeInIndex = 1; lastKnownFileType = text.xcconfig; name = "Pods-Swift4OnBoarding.release.xcconfig"; path = "Target Support Files/Pods-Swift4OnBoarding/Pods-Swift4OnBoarding.release.xcconfig"; sourceTree = "<group>"; };
		57053DF32395757C002E74FF /* Swift4OnBoarding.app */ = {isa = PBXFileReference; explicitFileType = wrapper.application; includeInIndex = 0; path = Swift4OnBoarding.app; sourceTree = BUILT_PRODUCTS_DIR; };
		57053DF62395757C002E74FF /* AppDelegate.swift */ = {isa = PBXFileReference; lastKnownFileType = sourcecode.swift; path = AppDelegate.swift; sourceTree = "<group>"; };
		57053DF82395757C002E74FF /* SceneDelegate.swift */ = {isa = PBXFileReference; lastKnownFileType = sourcecode.swift; path = SceneDelegate.swift; sourceTree = "<group>"; };
		57053DFA2395757C002E74FF /* ViewController.swift */ = {isa = PBXFileReference; lastKnownFileType = sourcecode.swift; path = ViewController.swift; sourceTree = "<group>"; };
		57053DFD2395757C002E74FF /* Base */ = {isa = PBXFileReference; lastKnownFileType = file.storyboard; name = Base; path = Base.lproj/Main.storyboard; sourceTree = "<group>"; };
		57053DFF2395757D002E74FF /* Assets.xcassets */ = {isa = PBXFileReference; lastKnownFileType = folder.assetcatalog; path = Assets.xcassets; sourceTree = "<group>"; };
		57053E022395757D002E74FF /* Base */ = {isa = PBXFileReference; lastKnownFileType = file.storyboard; name = Base; path = Base.lproj/LaunchScreen.storyboard; sourceTree = "<group>"; };
		57053E042395757D002E74FF /* Info.plist */ = {isa = PBXFileReference; lastKnownFileType = text.plist.xml; path = Info.plist; sourceTree = "<group>"; };
		7C0C734D38FD075BEE781B64 /* Pods-Swift4OnBoarding.debug.xcconfig */ = {isa = PBXFileReference; includeInIndex = 1; lastKnownFileType = text.xcconfig; name = "Pods-Swift4OnBoarding.debug.xcconfig"; path = "Target Support Files/Pods-Swift4OnBoarding/Pods-Swift4OnBoarding.debug.xcconfig"; sourceTree = "<group>"; };
		F814D5D2B6532C4063C8F485 /* Pods_Swift4OnBoarding.framework */ = {isa = PBXFileReference; explicitFileType = wrapper.framework; includeInIndex = 0; path = Pods_Swift4OnBoarding.framework; sourceTree = BUILT_PRODUCTS_DIR; };
/* End PBXFileReference section */

/* Begin PBXFrameworksBuildPhase section */
		57053DF02395757C002E74FF /* Frameworks */ = {
			isa = PBXFrameworksBuildPhase;
			buildActionMask = 2147483647;
			files = (
				121542A5C949D6D16B8AEC9E /* Pods_Swift4OnBoarding.framework in Frameworks */,
			);
			runOnlyForDeploymentPostprocessing = 0;
		};
/* End PBXFrameworksBuildPhase section */

/* Begin PBXGroup section */
		25947CF37E19AA52D8CE15CB /* Pods */ = {
			isa = PBXGroup;
			children = (
				7C0C734D38FD075BEE781B64 /* Pods-Swift4OnBoarding.debug.xcconfig */,
				54E474C6543AE17125180D84 /* Pods-Swift4OnBoarding.release.xcconfig */,
			);
			name = Pods;
			path = Pods;
			sourceTree = "<group>";
		};
		4BE9090EA358FDE88115739A /* Frameworks */ = {
			isa = PBXGroup;
			children = (
				F814D5D2B6532C4063C8F485 /* Pods_Swift4OnBoarding.framework */,
			);
			name = Frameworks;
			sourceTree = "<group>";
		};
		57053DEA2395757C002E74FF = {
			isa = PBXGroup;
			children = (
				57053DF52395757C002E74FF /* Swift4OnBoarding */,
				57053DF42395757C002E74FF /* Products */,
				25947CF37E19AA52D8CE15CB /* Pods */,
				4BE9090EA358FDE88115739A /* Frameworks */,
			);
			sourceTree = "<group>";
		};
		57053DF42395757C002E74FF /* Products */ = {
			isa = PBXGroup;
			children = (
				57053DF32395757C002E74FF /* Swift4OnBoarding.app */,
			);
			name = Products;
			sourceTree = "<group>";
		};
		57053DF52395757C002E74FF /* Swift4OnBoarding */ = {
			isa = PBXGroup;
			children = (
				57053DF62395757C002E74FF /* AppDelegate.swift */,
				57053DF82395757C002E74FF /* SceneDelegate.swift */,
				57053DFA2395757C002E74FF /* ViewController.swift */,
				57053DFC2395757C002E74FF /* Main.storyboard */,
				57053DFF2395757D002E74FF /* Assets.xcassets */,
				57053E012395757D002E74FF /* LaunchScreen.storyboard */,
				57053E042395757D002E74FF /* Info.plist */,
			);
			path = Swift4OnBoarding;
			sourceTree = "<group>";
		};
/* End PBXGroup section */

/* Begin PBXNativeTarget section */
		57053DF22395757C002E74FF /* Swift4OnBoarding */ = {
			isa = PBXNativeTarget;
			buildConfigurationList = 57053E072395757D002E74FF /* Build configuration list for PBXNativeTarget "Swift4OnBoarding" */;
			buildPhases = (
				78544DE41EF77A803E6357DD /* [CP] Check Pods Manifest.lock */,
				57053DEF2395757C002E74FF /* Sources */,
				57053DF02395757C002E74FF /* Frameworks */,
				57053DF12395757C002E74FF /* Resources */,
				D03C3F07D0FE453DD18ADC8D /* [CP] Embed Pods Frameworks */,
			);
			buildRules = (
			);
			dependencies = (
			);
			name = Swift4OnBoarding;
			productName = Swift4OnBoarding;
			productReference = 57053DF32395757C002E74FF /* Swift4OnBoarding.app */;
			productType = "com.apple.product-type.application";
		};
/* End PBXNativeTarget section */

/* Begin PBXProject section */
		57053DEB2395757C002E74FF /* Project object */ = {
			isa = PBXProject;
			attributes = {
				LastSwiftUpdateCheck = 1120;
				LastUpgradeCheck = 1120;
				ORGANIZATIONNAME = "Kazuki Maeda";
				TargetAttributes = {
					57053DF22395757C002E74FF = {
						CreatedOnToolsVersion = 11.2.1;
					};
				};
			};
			buildConfigurationList = 57053DEE2395757C002E74FF /* Build configuration list for PBXProject "Swift4OnBoarding" */;
			compatibilityVersion = "Xcode 9.3";
			developmentRegion = en;
			hasScannedForEncodings = 0;
			knownRegions = (
				en,
				Base,
			);
			mainGroup = 57053DEA2395757C002E74FF;
			productRefGroup = 57053DF42395757C002E74FF /* Products */;
			projectDirPath = "";
			projectRoot = "";
			targets = (
				57053DF22395757C002E74FF /* Swift4OnBoarding */,
			);
		};
/* End PBXProject section */

/* Begin PBXResourcesBuildPhase section */
		57053DF12395757C002E74FF /* Resources */ = {
			isa = PBXResourcesBuildPhase;
			buildActionMask = 2147483647;
			files = (
				57053E032395757D002E74FF /* LaunchScreen.storyboard in Resources */,
				57053E002395757D002E74FF /* Assets.xcassets in Resources */,
				57053DFE2395757C002E74FF /* Main.storyboard in Resources */,
			);
			runOnlyForDeploymentPostprocessing = 0;
		};
/* End PBXResourcesBuildPhase section */

/* Begin PBXShellScriptBuildPhase section */
		78544DE41EF77A803E6357DD /* [CP] Check Pods Manifest.lock */ = {
			isa = PBXShellScriptBuildPhase;
			buildActionMask = 2147483647;
			files = (
			);
			inputFileListPaths = (
			);
			inputPaths = (
				"${PODS_PODFILE_DIR_PATH}/Podfile.lock",
				"${PODS_ROOT}/Manifest.lock",
			);
			name = "[CP] Check Pods Manifest.lock";
			outputFileListPaths = (
			);
			outputPaths = (
				"$(DERIVED_FILE_DIR)/Pods-Swift4OnBoarding-checkManifestLockResult.txt",
			);
			runOnlyForDeploymentPostprocessing = 0;
			shellPath = /bin/sh;
			shellScript = "diff \"${PODS_PODFILE_DIR_PATH}/Podfile.lock\" \"${PODS_ROOT}/Manifest.lock\" > /dev/null\nif [ $? != 0 ] ; then\n    # print error to STDERR\n    echo \"error: The sandbox is not in sync with the Podfile.lock. Run 'pod install' or update your CocoaPods installation.\" >&2\n    exit 1\nfi\n# This output is used by Xcode 'outputs' to avoid re-running this script phase.\necho \"SUCCESS\" > \"${SCRIPT_OUTPUT_FILE_0}\"\n";
			showEnvVarsInLog = 0;
		};
		D03C3F07D0FE453DD18ADC8D /* [CP] Embed Pods Frameworks */ = {
			isa = PBXShellScriptBuildPhase;
			buildActionMask = 2147483647;
			files = (
			);
			inputFileListPaths = (
				"${PODS_ROOT}/Target Support Files/Pods-Swift4OnBoarding/Pods-Swift4OnBoarding-frameworks-${CONFIGURATION}-input-files.xcfilelist",
			);
			name = "[CP] Embed Pods Frameworks";
			outputFileListPaths = (
				"${PODS_ROOT}/Target Support Files/Pods-Swift4OnBoarding/Pods-Swift4OnBoarding-frameworks-${CONFIGURATION}-output-files.xcfilelist",
			);
			runOnlyForDeploymentPostprocessing = 0;
			shellPath = /bin/sh;
			shellScript = "\"${PODS_ROOT}/Target Support Files/Pods-Swift4OnBoarding/Pods-Swift4OnBoarding-frameworks.sh\"\n";
			showEnvVarsInLog = 0;
		};
/* End PBXShellScriptBuildPhase section */

/* Begin PBXSourcesBuildPhase section */
		57053DEF2395757C002E74FF /* Sources */ = {
			isa = PBXSourcesBuildPhase;
			buildActionMask = 2147483647;
			files = (
				57053DFB2395757C002E74FF /* ViewController.swift in Sources */,
				57053DF72395757C002E74FF /* AppDelegate.swift in Sources */,
				57053DF92395757C002E74FF /* SceneDelegate.swift in Sources */,
			);
			runOnlyForDeploymentPostprocessing = 0;
		};
/* End PBXSourcesBuildPhase section */

/* Begin PBXVariantGroup section */
		57053DFC2395757C002E74FF /* Main.storyboard */ = {
			isa = PBXVariantGroup;
			children = (
				57053DFD2395757C002E74FF /* Base */,
			);
			name = Main.storyboard;
			sourceTree = "<group>";
		};
		57053E012395757D002E74FF /* LaunchScreen.storyboard */ = {
			isa = PBXVariantGroup;
			children = (
				57053E022395757D002E74FF /* Base */,
			);
			name = LaunchScreen.storyboard;
			sourceTree = "<group>";
		};
/* End PBXVariantGroup section */

/* Begin XCBuildConfiguration section */
		57053E052395757D002E74FF /* Debug */ = {
			isa = XCBuildConfiguration;
			buildSettings = {
				ALWAYS_SEARCH_USER_PATHS = NO;
				CLANG_ANALYZER_NONNULL = YES;
				CLANG_ANALYZER_NUMBER_OBJECT_CONVERSION = YES_AGGRESSIVE;
				CLANG_CXX_LANGUAGE_STANDARD = "gnu++14";
				CLANG_CXX_LIBRARY = "libc++";
				CLANG_ENABLE_MODULES = YES;
				CLANG_ENABLE_OBJC_ARC = YES;
				CLANG_ENABLE_OBJC_WEAK = YES;
				CLANG_WARN_BLOCK_CAPTURE_AUTORELEASING = YES;
				CLANG_WARN_BOOL_CONVERSION = YES;
				CLANG_WARN_COMMA = YES;
				CLANG_WARN_CONSTANT_CONVERSION = YES;
				CLANG_WARN_DEPRECATED_OBJC_IMPLEMENTATIONS = YES;
				CLANG_WARN_DIRECT_OBJC_ISA_USAGE = YES_ERROR;
				CLANG_WARN_DOCUMENTATION_COMMENTS = YES;
				CLANG_WARN_EMPTY_BODY = YES;
				CLANG_WARN_ENUM_CONVERSION = YES;
				CLANG_WARN_INFINITE_RECURSION = YES;
				CLANG_WARN_INT_CONVERSION = YES;
				CLANG_WARN_NON_LITERAL_NULL_CONVERSION = YES;
				CLANG_WARN_OBJC_IMPLICIT_RETAIN_SELF = YES;
				CLANG_WARN_OBJC_LITERAL_CONVERSION = YES;
				CLANG_WARN_OBJC_ROOT_CLASS = YES_ERROR;
				CLANG_WARN_RANGE_LOOP_ANALYSIS = YES;
				CLANG_WARN_STRICT_PROTOTYPES = YES;
				CLANG_WARN_SUSPICIOUS_MOVE = YES;
				CLANG_WARN_UNGUARDED_AVAILABILITY = YES_AGGRESSIVE;
				CLANG_WARN_UNREACHABLE_CODE = YES;
				CLANG_WARN__DUPLICATE_METHOD_MATCH = YES;
				COPY_PHASE_STRIP = NO;
				DEBUG_INFORMATION_FORMAT = dwarf;
				ENABLE_STRICT_OBJC_MSGSEND = YES;
				ENABLE_TESTABILITY = YES;
				GCC_C_LANGUAGE_STANDARD = gnu11;
				GCC_DYNAMIC_NO_PIC = NO;
				GCC_NO_COMMON_BLOCKS = YES;
				GCC_OPTIMIZATION_LEVEL = 0;
				GCC_PREPROCESSOR_DEFINITIONS = (
					"DEBUG=1",
					"$(inherited)",
				);
				GCC_WARN_64_TO_32_BIT_CONVERSION = YES;
				GCC_WARN_ABOUT_RETURN_TYPE = YES_ERROR;
				GCC_WARN_UNDECLARED_SELECTOR = YES;
				GCC_WARN_UNINITIALIZED_AUTOS = YES_AGGRESSIVE;
				GCC_WARN_UNUSED_FUNCTION = YES;
				GCC_WARN_UNUSED_VARIABLE = YES;
				IPHONEOS_DEPLOYMENT_TARGET = 13.2;
				MTL_ENABLE_DEBUG_INFO = INCLUDE_SOURCE;
				MTL_FAST_MATH = YES;
				ONLY_ACTIVE_ARCH = YES;
				SDKROOT = iphoneos;
				SWIFT_ACTIVE_COMPILATION_CONDITIONS = DEBUG;
				SWIFT_OPTIMIZATION_LEVEL = "-Onone";
			};
			name = Debug;
		};
		57053E062395757D002E74FF /* Release */ = {
			isa = XCBuildConfiguration;
			buildSettings = {
				ALWAYS_SEARCH_USER_PATHS = NO;
				CLANG_ANALYZER_NONNULL = YES;
				CLANG_ANALYZER_NUMBER_OBJECT_CONVERSION = YES_AGGRESSIVE;
				CLANG_CXX_LANGUAGE_STANDARD = "gnu++14";
				CLANG_CXX_LIBRARY = "libc++";
				CLANG_ENABLE_MODULES = YES;
				CLANG_ENABLE_OBJC_ARC = YES;
				CLANG_ENABLE_OBJC_WEAK = YES;
				CLANG_WARN_BLOCK_CAPTURE_AUTORELEASING = YES;
				CLANG_WARN_BOOL_CONVERSION = YES;
				CLANG_WARN_COMMA = YES;
				CLANG_WARN_CONSTANT_CONVERSION = YES;
				CLANG_WARN_DEPRECATED_OBJC_IMPLEMENTATIONS = YES;
				CLANG_WARN_DIRECT_OBJC_ISA_USAGE = YES_ERROR;
				CLANG_WARN_DOCUMENTATION_COMMENTS = YES;
				CLANG_WARN_EMPTY_BODY = YES;
				CLANG_WARN_ENUM_CONVERSION = YES;
				CLANG_WARN_INFINITE_RECURSION = YES;
				CLANG_WARN_INT_CONVERSION = YES;
				CLANG_WARN_NON_LITERAL_NULL_CONVERSION = YES;
				CLANG_WARN_OBJC_IMPLICIT_RETAIN_SELF = YES;
				CLANG_WARN_OBJC_LITERAL_CONVERSION = YES;
				CLANG_WARN_OBJC_ROOT_CLASS = YES_ERROR;
				CLANG_WARN_RANGE_LOOP_ANALYSIS = YES;
				CLANG_WARN_STRICT_PROTOTYPES = YES;
				CLANG_WARN_SUSPICIOUS_MOVE = YES;
				CLANG_WARN_UNGUARDED_AVAILABILITY = YES_AGGRESSIVE;
				CLANG_WARN_UNREACHABLE_CODE = YES;
				CLANG_WARN__DUPLICATE_METHOD_MATCH = YES;
				COPY_PHASE_STRIP = NO;
				DEBUG_INFORMATION_FORMAT = "dwarf-with-dsym";
				ENABLE_NS_ASSERTIONS = NO;
				ENABLE_STRICT_OBJC_MSGSEND = YES;
				GCC_C_LANGUAGE_STANDARD = gnu11;
				GCC_NO_COMMON_BLOCKS = YES;
				GCC_WARN_64_TO_32_BIT_CONVERSION = YES;
				GCC_WARN_ABOUT_RETURN_TYPE = YES_ERROR;
				GCC_WARN_UNDECLARED_SELECTOR = YES;
				GCC_WARN_UNINITIALIZED_AUTOS = YES_AGGRESSIVE;
				GCC_WARN_UNUSED_FUNCTION = YES;
				GCC_WARN_UNUSED_VARIABLE = YES;
				IPHONEOS_DEPLOYMENT_TARGET = 13.2;
				MTL_ENABLE_DEBUG_INFO = NO;
				MTL_FAST_MATH = YES;
				SDKROOT = iphoneos;
				SWIFT_COMPILATION_MODE = wholemodule;
				SWIFT_OPTIMIZATION_LEVEL = "-O";
				VALIDATE_PRODUCT = YES;
			};
			name = Release;
		};
		57053E082395757D002E74FF /* Debug */ = {
			isa = XCBuildConfiguration;
			baseConfigurationReference = 7C0C734D38FD075BEE781B64 /* Pods-Swift4OnBoarding.debug.xcconfig */;
			buildSettings = {
				ASSETCATALOG_COMPILER_APPICON_NAME = AppIcon;
				CODE_SIGN_STYLE = Automatic;
				INFOPLIST_FILE = Swift4OnBoarding/Info.plist;
				LD_RUNPATH_SEARCH_PATHS = (
					"$(inherited)",
					"@executable_path/Frameworks",
				);
				PRODUCT_BUNDLE_IDENTIFIER = "com.kzk-maeda.Swift4OnBoarding";
				PRODUCT_NAME = "$(TARGET_NAME)";
				SWIFT_VERSION = 5.0;
				TARGETED_DEVICE_FAMILY = "1,2";
			};
			name = Debug;
		};
		57053E092395757D002E74FF /* Release */ = {
			isa = XCBuildConfiguration;
			baseConfigurationReference = 54E474C6543AE17125180D84 /* Pods-Swift4OnBoarding.release.xcconfig */;
			buildSettings = {
				ASSETCATALOG_COMPILER_APPICON_NAME = AppIcon;
				CODE_SIGN_STYLE = Automatic;
				INFOPLIST_FILE = Swift4OnBoarding/Info.plist;
				LD_RUNPATH_SEARCH_PATHS = (
					"$(inherited)",
					"@executable_path/Frameworks",
				);
				PRODUCT_BUNDLE_IDENTIFIER = "com.kzk-maeda.Swift4OnBoarding";
				PRODUCT_NAME = "$(TARGET_NAME)";
				SWIFT_VERSION = 5.0;
				TARGETED_DEVICE_FAMILY = "1,2";
			};
			name = Release;
		};
/* End XCBuildConfiguration section */

/* Begin XCConfigurationList section */
		57053DEE2395757C002E74FF /* Build configuration list for PBXProject "Swift4OnBoarding" */ = {
			isa = XCConfigurationList;
			buildConfigurations = (
				57053E052395757D002E74FF /* Debug */,
				57053E062395757D002E74FF /* Release */,
			);
			defaultConfigurationIsVisible = 0;
			defaultConfigurationName = Release;
		};
		57053E072395757D002E74FF /* Build configuration list for PBXNativeTarget "Swift4OnBoarding" */ = {
			isa = XCConfigurationList;
			buildConfigurations = (
				57053E082395757D002E74FF /* Debug */,
				57053E092395757D002E74FF /* Release */,
			);
			defaultConfigurationIsVisible = 0;
			defaultConfigurationName = Release;
		};
/* End XCConfigurationList section */
	};
	rootObject = 57053DEB2395757C002E74FF /* Project object */;
}
